
Microsoft Visual Studio Solution File, Format Version 12.00
# Visual Studio 2012
Project("{FAE04EC0-301F-11D3-BF4B-00C04F79EFBC}") = "HubSpotr.Android", "HubSpotr.Android\HubSpotr.Android.csproj", "{8413B521-B204-4BCD-BFD3-35BFC11ABC74}"
EndProject
Project("{FAE04EC0-301F-11D3-BF4B-00C04F79EFBC}") = "HubSpotr.Android.Core", "HubSpotr.Android.Core\HubSpotr.Android.Core.csproj", "{4989FB36-EEE4-4A36-B00B-2A7EE82D75F0}"
EndProject
Global
	GlobalSection(SolutionConfigurationPlatforms) = preSolution
		Debug|Any CPU = Debug|Any CPU
		Release|Any CPU = Release|Any CPU
	EndGlobalSection
	GlobalSection(ProjectConfigurationPlatforms) = postSolution
		{8413B521-B204-4BCD-BFD3-35BFC11ABC74}.Debug|Any CPU.ActiveCfg = Debug|Any CPU
		{8413B521-B204-4BCD-BFD3-35BFC11ABC74}.Debug|Any CPU.Build.0 = Debug|Any CPU
		{8413B521-B204-4BCD-BFD3-35BFC11ABC74}.Debug|Any CPU.Deploy.0 = Debug|Any CPU
		{8413B521-B204-4BCD-BFD3-35BFC11ABC74}.Release|Any CPU.ActiveCfg = Release|Any CPU
		{8413B521-B204-4BCD-BFD3-35BFC11ABC74}.Release|Any CPU.Build.0 = Release|Any CPU
		{8413B521-B204-4BCD-BFD3-35BFC11ABC74}.Release|Any CPU.Deploy.0 = Release|Any CPU
		{4989FB36-EEE4-4A36-B00B-2A7EE82D75F0}.Debug|Any CPU.ActiveCfg = Debug|Any CPU
		{4989FB36-EEE4-4A36-B00B-2A7EE82D75F0}.Debug|Any CPU.Build.0 = Debug|Any CPU
		{4989FB36-EEE4-4A36-B00B-2A7EE82D75F0}.Release|Any CPU.ActiveCfg = Release|Any CPU
		{4989FB36-EEE4-4A36-B00B-2A7EE82D75F0}.Release|Any CPU.Build.0 = Release|Any CPU
	EndGlobalSection
	GlobalSection(SolutionProperties) = preSolution
		HideSolutionNode = FALSE
	EndGlobalSection
EndGlobal
